version = 1
revision = 1
requires-python = ">=3.9"

[[package]]
name = "chimera-sdk-multi"
version = "0.1.0"
source = { virtual = "." }
dependencies = [
    { name = "lief" },
]

[package.metadata]
requires-dist = [{ name = "lief", specifier = ">=0.14.0" }]

[package.metadata.requires-dev]
dev = []

[[package]]
name = "lief"
version = "0.17.3"
source = { registry = "https://pypi.org/simple" }
sdist = { url = "https://files.pythonhosted.org/packages/ea/7d/ba1b4e896712f5c161a6ef6eb546aaaecacf10f7c0ae8890b74359c62655/lief-0.17.3.tar.gz", hash = "sha256:943fce7b85d3e2605d4f8d48981b8e342cbd9332a2b3f0eea2e309ba6ba00f67", size = 7174 }
wheels = [
    { url = "https://files.pythonhosted.org/packages/ad/e7/0b519eb2e7fb657e5f8df0709456fe91e48c04ec173c2aad7e32dc091420/lief-0.17.3-cp310-cp310-macosx_11_0_arm64.whl", hash = "sha256:fd34fdbbfcab4cfcc6b688ecf87859339b7753e9cc0455b63bbdd09b1159b405", size = 2982508 },
    { url = "https://files.pythonhosted.org/packages/f6/49/062002ae394460ecf1a7e9dbb7899f969d72c39871d89289ad0c4291ceec/lief-0.17.3-cp310-cp310-macosx_11_0_x86_64.whl", hash = "sha256:fff1cdd762ccc8dcf2096eede04e566ce98ee7e1b056fe941be9b8b0a2d59c81", size = 3094539 },
    { url = "https://files.pythonhosted.org/packages/e2/93/bc2fe47408f8213f26668f7e48fbc5ebcd2720ced2f0ff06a06453a72c07/lief-0.17.3-cp310-cp310-manylinux2014_aarch64.whl", hash = "sha256:3254c60e32f7e175c8c576f7fccfaa136a2cd0a6a4f586e0a9e9f47b3efd54ff", size = 3663035 },
    { url = "https://files.pythonhosted.org/packages/bf/88/eb038de67ebdc48eb469ad4c860287578c0492cd4ffa14cd3043bc98a6f3/lief-0.17.3-cp310-cp310-manylinux_2_28_i686.whl", hash = "sha256:904a3b8910dcf52b365aa367b615c50806310fbae54f073c15da6953d1da30b7", size = 3468537 },
    { url = "https://files.pythonhosted.org/packages/b8/51/c95d616808ee8f2ef2e84612362b17eca25310e52edad5860fa631d98545/lief-0.17.3-cp310-cp310-manylinux_2_28_x86_64.whl", hash = "sha256:90ebc1eb34dc436a6c14c8d1d664cbe8edc37afea40c22abfcdb4940a5de175f", size = 3392597 },
    { url = "https://files.pythonhosted.org/packages/b8/41/b44a23c96dacd1505db5f87e3c94fdb7186a2f28a82d59b9740583cd7c1e/lief-0.17.3-cp310-cp310-musllinux_1_2_aarch64.whl", hash = "sha256:0de521cff02a476b349d3318552e41cdd71b1b2c7af38da80a1236d565ef897e", size = 3585164 },
    { url = "https://files.pythonhosted.org/packages/6c/48/7ee7d8b6ff612a693ccf47a4310d2bf0dc82361ed21a3aed2f12bc1d1b0c/lief-0.17.3-cp310-cp310-musllinux_1_2_i686.whl", hash = "sha256:1bc29ec1cc57a6af075f8c76b8425f9b41b02ea3cf0ec84cd065486c16ce9930", size = 3924590 },
    { url = "https://files.pythonhosted.org/packages/be/ee/dae6c900178a37ba34d567c4d288d51963a74b024a98a47e0fed09ad9dd7/lief-0.17.3-cp310-cp310-musllinux_1_2_x86_64.whl", hash = "sha256:dca73401cdb525e80b142d5f09c86d342038bd15ec163e802ad5abb4b63876cf", size = 3695472 },
    { url = "https://files.pythonhosted.org/packages/73/5b/137b97f7ebee0d0879cfd8e6e7cdf919b62790366dff5f1a8a9f36a306ed/lief-0.17.3-cp310-cp310-win32.whl", hash = "sha256:f26c77c987b2a9f168c63a1021daec2e1facad9465f2d534e94d616b4e64e874", size = 3439125 },
    { url = "https://files.pythonhosted.org/packages/94/d6/420d7d8fc6f96fe492ec1f08331bfa1c2cbc8b1e664b0d4062aa5f5bd4be/lief-0.17.3-cp310-cp310-win_amd64.whl", hash = "sha256:dbbc79e83e5c935680b4fd82f8627e24b75823a11fcab251a72fd64f74efdd92", size = 3626742 },
    { url = "https://files.pythonhosted.org/packages/82/c7/6c136820d05e801f6c29cafa3d7cde71bf19c6f7e78786ea01601ec2cc78/lief-0.17.3-cp311-cp311-macosx_11_0_arm64.whl", hash = "sha256:de1cead52e544db4dfe1f90a0b9505cd9c3dfbc903f989bf2777134992b13001", size = 2988700 },
    { url = "https://files.pythonhosted.org/packages/67/a2/ad29b6e7517b8710c56a848058ae6e39ce8c71375c77831e246c987ef885/lief-0.17.3-cp311-cp311-macosx_11_0_x86_64.whl", hash = "sha256:57e251a6933d87395a6b84eae76716415acd9f607d02c57baa427545f1acb34d", size = 3094969 },
    { url = "https://files.pythonhosted.org/packages/8c/5c/94d26a03753868588df9a30197e269279297848fd5a791448d778361c64c/lief-0.17.3-cp311-cp311-manylinux2014_aarch64.whl", hash = "sha256:9d1cdd2a91083e72183e0174f69b9832ad62ca63241cb0c59c44fde5bea1b792", size = 3666581 },
    { url = "https://files.pythonhosted.org/packages/aa/b2/b573b2d5c7fdd51d87b919b2860610856ba8055028e56277da8b3ad4d51f/lief-0.17.3-cp311-cp311-manylinux_2_28_i686.whl", hash = "sha256:2a1f309e3f9c14c7272b15d690254d5c951ae9f198c3d33da2c95aeefacb0f3a", size = 3468417 },
    { url = "https://files.pythonhosted.org/packages/99/bf/e93d8fdb075fc6df223f4ff3f74b5ababb6d6303b62ba8f3873bb00a2b56/lief-0.17.3-cp311-cp311-manylinux_2_28_x86_64.whl", hash = "sha256:91a94e70cc69740e09f1a8854828d2822606562f80ddfeee0d5638cdffe84d61", size = 3393019 },
    { url = "https://files.pythonhosted.org/packages/7f/b9/bdb9093db941413577b53dbc2a83d751de05bd60a64b9d88944a3a01f1b8/lief-0.17.3-cp311-cp311-musllinux_1_2_aarch64.whl", hash = "sha256:46bfdc938800b3d42aad7dd30bafaaa127d416f35b8cc2482180d6ae4d1c1d49", size = 3586621 },
    { url = "https://files.pythonhosted.org/packages/ff/ae/330d5adf3ba5321007d6d2c4ea4214f76174b4228a18b52c9d2596b40161/lief-0.17.3-cp311-cp311-musllinux_1_2_i686.whl", hash = "sha256:7022ec1f1fdbc4fab62ec1221c4a165a986b81d5530fe5212284583b00e10ca6", size = 3924768 },
    { url = "https://files.pythonhosted.org/packages/c7/78/634804528d4d38ce86dc5ef5d1832ba5646c5de5c364d0e2c8e277e0f0bb/lief-0.17.3-cp311-cp311-musllinux_1_2_x86_64.whl", hash = "sha256:dbd03a0086185e11a9d5deae3542171629b5127292ead01e62721f261b3cb390", size = 3695895 },
    { url = "https://files.pythonhosted.org/packages/2e/82/efa6de9aacaa75fd30e630b98c939bbe2c7b755a76f2a4313bc65b52d887/lief-0.17.3-cp311-cp311-win32.whl", hash = "sha256:9a2e73659f040a5fac397b9c02b3e9a090a9d7fa1090a675eca3ef743437a7a4", size = 3439579 },
    { url = "https://files.pythonhosted.org/packages/36/30/072f92fd934e328ce00bc5aa86146fe95b199dddf704e7958d40d0b71abb/lief-0.17.3-cp311-cp311-win_amd64.whl", hash = "sha256:98a970f396b16e6743d9a7fe9cd00a60f25dc767c495ba55f48c8d74d3fd6804", size = 3627481 },
    { url = "https://files.pythonhosted.org/packages/84/d8/646de6013e9d2a077197eff093f1ef351038f60efd134bd6cf4e0c103df0/lief-0.17.3-cp311-cp311-win_arm64.whl", hash = "sha256:2e8209ffe8cc1c87bc57eb7bbb6d2e1f6ddc21e93e2c828efd156f30c0b00691", size = 3458285 },
    { url = "https://files.pythonhosted.org/packages/29/7a/77dac9134ed3b0742140280b59c277e378418efff5620eaf8fcb2168f079/lief-0.17.3-cp312-cp312-macosx_11_0_arm64.whl", hash = "sha256:f3121dff536ff4576fd81459b5c144f358bdb8336995a81290697347894048fd", size = 2996562 },
    { url = "https://files.pythonhosted.org/packages/cd/64/aaf90ccbe7417b81f02c6311d49a9e438cac23da9606787a601ecced90fe/lief-0.17.3-cp312-cp312-macosx_11_0_x86_64.whl", hash = "sha256:fc0574e173b6669e04b450f97abdfb45f16e20fa3aa8aa0867d82777969b2561", size = 3106661 },
    { url = "https://files.pythonhosted.org/packages/40/76/41e5d6e35c4fe013055f9545a5be2541d9d43170ce8d4fba8006faa59b9c/lief-0.17.3-cp312-cp312-manylinux2014_aarch64.whl", hash = "sha256:f4d9fe6fc07643cf34933d17f4408848e226d737243fd25f18a94162c6d535d3", size = 3667520 },
    { url = "https://files.pythonhosted.org/packages/46/4d/2ae296d83ec3658ffa57f20c61c5f168f85e578ed01d88ebce0d0f3996cd/lief-0.17.3-cp312-cp312-manylinux_2_28_i686.whl", hash = "sha256:94765e82ab68827b01dfbc3c6f9acdaedd50e8d3b3b61402a3e8af1005f9f19f", size = 3473526 },
    { url = "https://files.pythonhosted.org/packages/3e/39/0faa701ac2459c02b1ea29c362813ec07f90dcc5499ab28a33a4a2a9a943/lief-0.17.3-cp312-cp312-manylinux_2_28_x86_64.whl", hash = "sha256:e54d95b7915524e1ff987b4ea0ff8c3c36b990ace381d8b4dd589b329bd96489", size = 3402609 },
    { url = "https://files.pythonhosted.org/packages/70/30/4f8ca000b9f521f4a4fd4866e518507209f95bbb85291d44753de32a7e82/lief-0.17.3-cp312-cp312-musllinux_1_2_aarch64.whl", hash = "sha256:715837229e83785a7ab04f0c3247c06bf6cfd6e8851d5f23a6dffa5ea00b6b09", size = 3589801 },
    { url = "https://files.pythonhosted.org/packages/ba/62/fc38b870cd66262846244354f9b792b134dabfd20c1404d9a699d4388544/lief-0.17.3-cp312-cp312-musllinux_1_2_i686.whl", hash = "sha256:7e2121827d49514a111bd54e07690d2a7384162186f5842936eb8ac9f0659803", size = 3930850 },
    { url = "https://files.pythonhosted.org/packages/3d/ba/2813887ab22dc5b6a7ded0b570255b33e9d6f330f6f5466956fcb01cb2d4/lief-0.17.3-cp312-cp312-musllinux_1_2_x86_64.whl", hash = "sha256:76a8dc301e0ad01fed37926c403e002941540b2df845b3446c0c19ff5f892f93", size = 3704507 },
    { url = "https://files.pythonhosted.org/packages/10/e2/a2a477dfe387d4fbe32af9233325f35b5f7ec465ed4dbdcf429805ff8402/lief-0.17.3-cp312-cp312-win32.whl", hash = "sha256:a75799097943d6703f42d30e7f8d9becbaec32282d547678489e05865b82e6ef", size = 3446494 },
    { url = "https://files.pythonhosted.org/packages/1e/ca/6fe9b1850a968ea61c0af888aead70a2eda4896d76ba63b1a8fc610e0a4c/lief-0.17.3-cp312-cp312-win_amd64.whl", hash = "sha256:dcc3f0ba3904ae6cb445ad1447613a167abe7a2446649b34376e5badb8a4612f", size = 3638986 },
    { url = "https://files.pythonhosted.org/packages/79/c0/620d816c4662375f3b510718040383b0ea2267acc72436379e7396256685/lief-0.17.3-cp312-cp312-win_arm64.whl", hash = "sha256:d2d54a84c10e17e8b0f9f76c66f1e753e7a54ea4c9567cf0aaf4f0e3b9a185c0", size = 3460545 },
    { url = "https://files.pythonhosted.org/packages/5a/27/cc9913a51d0a870a2ba6dcdceb1d5ec225e5e8bf349cf17881fcc9781b5c/lief-0.17.3-cp313-cp313-macosx_11_0_arm64.whl", hash = "sha256:d1f0dc894d8c6215476d8d4085d6878fa9196b1e54e1ea04572c616d18db0d5d", size = 2989678 },
    { url = "https://files.pythonhosted.org/packages/69/a1/99e7192b1c2ceda9a32801118c4adb4853c913d7f43b494956bd43a39e81/lief-0.17.3-cp313-cp313-macosx_11_0_x86_64.whl", hash = "sha256:c02243e89f93f509a91c5e3fe787d847f2eb49a9ab35333a3184a1981b1184e4", size = 3106430 },
    { url = "https://files.pythonhosted.org/packages/22/04/2b2b6a8283ec5193ca745a81b7a0003fc28ac4536f5ce298a51a29dc0a03/lief-0.17.3-cp313-cp313-manylinux2014_aarch64.whl", hash = "sha256:91df1ec8f35d470453c18e8f5c3ab10ca9ba08192b912df3cad1dddbb349fe4d", size = 3667307 },
    { url = "https://files.pythonhosted.org/packages/6f/6f/f6c95a38d4c77a04d1d6b6b03da6023812d12a798b59622a04eb1e32775d/lief-0.17.3-cp313-cp313-manylinux_2_28_i686.whl", hash = "sha256:c984f58cbc142726c5708be2fde5f767840a405c68ae0a8ba384c4fd1a92606b", size = 3473808 },
    { url = "https://files.pythonhosted.org/packages/88/66/5dab52889a9994888123a6e9be1eaed2c7d6bad4e3043a15875b3dfa7104/lief-0.17.3-cp313-cp313-manylinux_2_28_x86_64.whl", hash = "sha256:4c694e72b457748b5e39be52c23f0e10b0fff2f9938980513e9d29ce5b75447d", size = 3402658 },
    { url = "https://files.pythonhosted.org/packages/6d/9a/35542489c861bb2963b9aeb9b6eebccc6fb4f310ced6e747d5e03bfce5fb/lief-0.17.3-cp313-cp313-musllinux_1_2_aarch64.whl", hash = "sha256:c5a70ab56c7508cdc12f3dd51da9251b2bced2a0b08a641004cd0137d3520a87", size = 3590715 },
    { url = "https://files.pythonhosted.org/packages/de/a0/379e3ca42747b494b60558ac6d73b95cb3b44ba7fc26c079770179044864/lief-0.17.3-cp313-cp313-musllinux_1_2_i686.whl", hash = "sha256:9bc060b60506c27977cdb300659ab67bb66050b7dacd205a7a9de16b51bb0f92", size = 3931053 },
    { url = "https://files.pythonhosted.org/packages/78/01/c90c0f5db1b72da26305983cc68194f5cdc894dca66a4eb40c0df1b799dc/lief-0.17.3-cp313-cp313-musllinux_1_2_x86_64.whl", hash = "sha256:750ca3f581623b470101b55d5f3c9d730353ee83888ffcd8059da2845c8f3c6b", size = 3704082 },
    { url = "https://files.pythonhosted.org/packages/b2/90/8ba1ec3012246f502edb7289b35ff7053c944d91b19651722e5c8c2c80a6/lief-0.17.3-cp313-cp313-win32.whl", hash = "sha256:b4db39d71adec7a7534ff6bf0f16acb96366e20abe50ecdd5f09766012389362", size = 3446404 },
    { url = "https://files.pythonhosted.org/packages/f8/4f/d85ab4436a96687586a90e1b173269bdc338dc1583769fb3b96b17e8295a/lief-0.17.3-cp313-cp313-win_amd64.whl", hash = "sha256:9bb848f2364245fc9d3fcd7bbb88781830c285671b2024e3b3f8ebd356ab1450", size = 3638983 },
    { url = "https://files.pythonhosted.org/packages/3b/ee/a3d7baf0afe70f88dac6738cdae3168fa55742ed8e136066dbd9ace67b1b/lief-0.17.3-cp313-cp313-win_arm64.whl", hash = "sha256:3ed3a651e2119e94d74f06439af9be5e4b58849a4c0efb621b4547b3ef78efcb", size = 3460729 },
    { url = "https://files.pythonhosted.org/packages/36/f2/d00502dbcba7164e516885477d7363c695cbaf121213d7679a9969f72ef2/lief-0.17.3-cp314-cp314-macosx_11_0_arm64.whl", hash = "sha256:dd65392816e24dede9acb8d5a1dd9fbec8611fb238bbc051787fc0bfe117ebc6", size = 2989240 },
    { url = "https://files.pythonhosted.org/packages/be/aa/01f73a738eaa0a9746d19b1899c9442537920645200e377bf6d23bc6a16f/lief-0.17.3-cp314-cp314-macosx_11_0_x86_64.whl", hash = "sha256:e33743c3c4d102497cb575e618948054d02ead42250346c95f86162a2f4f7468", size = 3108018 },
    { url = "https://files.pythonhosted.org/packages/b5/b7/cc280adb6b78e4ea098730a24f5f5b62a866f4b2e7d31c445ed32afbd084/lief-0.17.3-cp314-cp314-manylinux2014_aarch64.whl", hash = "sha256:374acea7619e210b543d9b255cea2928edf3088c01e2c5fcf8e1ca059939bd67", size = 3672615 },
    { url = "https://files.pythonhosted.org/packages/5c/78/c36119892402abe26e1683957e5fab58da9e9734928a1582a1f73a38f81f/lief-0.17.3-cp314-cp314-manylinux_2_28_i686.whl", hash = "sha256:012cca3b2ae27b981bc07661824df972424098e8603a29679e59c879ebbdd542", size = 3473376 },
    { url = "https://files.pythonhosted.org/packages/f4/ed/2897622872e1e68e7e4a8a5e943d71ec5fba328e60ee29150ac4a31eb085/lief-0.17.3-cp314-cp314-manylinux_2_28_x86_64.whl", hash = "sha256:18d2262a5dcb8112f5c973e99e35c6af6940b89108852903c394875974a6e591", size = 3403510 },
    { url = "https://files.pythonhosted.org/packages/27/aa/14c97209cf84f270fa9e2f84ec62b9b31d45c3fd0e033e1389b9e1f88cbf/lief-0.17.3-cp314-cp314-musllinux_1_2_aarch64.whl", hash = "sha256:be55f270e6d5dab21c118542873be11279001624434d23343a5adfbe4282720a", size = 3589577 },
    { url = "https://files.pythonhosted.org/packages/81/0a/e6fd6702a76bbb04493d3ecef8419e0540f702ed998b038af139c1f405eb/lief-0.17.3-cp314-cp314-musllinux_1_2_i686.whl", hash = "sha256:d8ec2467899cbfb91901951e37706848909eae1e158e1f3db5de8dbd70dc2cb3", size = 3931050 },
    { url = "https://files.pythonhosted.org/packages/c2/a7/9d56f107c03788b974c7b2912a108aec03bc8643501acb2db51441e20000/lief-0.17.3-cp314-cp314-musllinux_1_2_x86_64.whl", hash = "sha256:510f9dfa6c5bb19335c95c8bdfd9ad3980570895f557501426d28e3a2efc2685", size = 3705679 },
    { url = "https://files.pythonhosted.org/packages/22/19/cf1ff02d7c37946fd52917024e5ffd15cad0e3350f6659b2f0da7ac41de2/lief-0.17.3-cp314-cp314-win32.whl", hash = "sha256:180758f0bbc603ab8f789f0cad00f136e65844b1f4430557f90bdf560d64b811", size = 3446471 },
    { url = "https://files.pythonhosted.org/packages/8b/6d/bd967a5d1738665445e8bed1dd89f61c56eceb6a128b2f56674fef0504d6/lief-0.17.3-cp314-cp314-win_amd64.whl", hash = "sha256:c2514f8d5c9061af83f737d2d67c3d36b55453fa74a3911bb9631ca86efcbb9c", size = 3637355 },
    { url = "https://files.pythonhosted.org/packages/fd/96/e4bf6f23b818ad16b8ff9637a0f23fed0db24b8b240dcea6b37559e1917e/lief-0.17.3-cp39-cp39-macosx_11_0_arm64.whl", hash = "sha256:55540bbb8afbd49f14d4c286d03dfd2ae06a550b4ed1442d278b0a3e7b463269", size = 2988971 },
    { url = "https://files.pythonhosted.org/packages/ac/52/86169695e6a94d97818255cf1bcb246c2ca6dd8af9e612c22c06450060c6/lief-0.17.3-cp39-cp39-macosx_11_0_x86_64.whl", hash = "sha256:550c92c3ad56acc89fd18b177c19e94f934f2c03912663ce5c5a49a4584a6bae", size = 3094784 },
    { url = "https://files.pythonhosted.org/packages/d9/f0/e073f077def193162f61a5ecffaf2e994098b0fd22e1282979ffc4e57022/lief-0.17.3-cp39-cp39-manylinux2014_aarch64.whl", hash = "sha256:eb4367765b1ba2b17a53a8a1a657b7ba46d065e6d7e7e5e4374e6591f80f4808", size = 3663817 },
    { url = "https://files.pythonhosted.org/packages/fa/d3/162aa31d0b6876819c12563733f5710711cd2adc468ce0ee222c1cfa0b9c/lief-0.17.3-cp39-cp39-manylinux_2_28_i686.whl", hash = "sha256:21329e077134194809d0b9851b416f37c3a269a8222add3bb831cdc47a3c192b", size = 3468735 },
    { url = "https://files.pythonhosted.org/packages/aa/90/35b2e4b6862b62cf096bff8cb0d9873a0bd4030d761cf53a2495d52fdfcd/lief-0.17.3-cp39-cp39-manylinux_2_28_x86_64.whl", hash = "sha256:c2569eb6d3ab64a6c06463262f2d0a9bb0de106567d567b343e5671e66e462a0", size = 3392765 },
    { url = "https://files.pythonhosted.org/packages/dd/8e/6617dc2cf36e847ba2f3536ad3c97bf7b4478c2010d0ba152d485c4a0a9f/lief-0.17.3-cp39-cp39-musllinux_1_2_aarch64.whl", hash = "sha256:56e44bcd15a2af5c053b46dfac41817e86a4d90e2b91197a4ad41b85c7cd6b60", size = 3586769 },
    { url = "https://files.pythonhosted.org/packages/cf/28/ceccec6f9a11f7cff432635d81682fc42b4857af762caae086870a6ac355/lief-0.17.3-cp39-cp39-musllinux_1_2_i686.whl", hash = "sha256:6f849d17e2ef0551c0f59b4b4cb447eef79d3e770420b54a6776456097ddd8f8", size = 3924598 },
    { url = "https://files.pythonhosted.org/packages/d5/82/da8a0be4eae92aa363e9fb0f6b23324aa7fda1881b668bb3b4a6455aa77d/lief-0.17.3-cp39-cp39-musllinux_1_2_x86_64.whl", hash = "sha256:2f82a9466fb7b540404803ab419e5b22e8f0c679dae461636ec92c77704f17f6", size = 3695915 },
    { url = "https://files.pythonhosted.org/packages/fb/57/edf5cbdad1b8af11380d911e43ae2fdac80833f375ba77b9897e3f481117/lief-0.17.3-cp39-cp39-win32.whl", hash = "sha256:c2c733a8613cbd8ee91c39558d11d8feafe85866bacdfaa78f1be0998227c5f9", size = 3439379 },
    { url = "https://files.pythonhosted.org/packages/b1/37/287c5977eeb5d08deaebe7f3b11f8f8cf0ca298ab71f588d0fb928b634f2/lief-0.17.3-cp39-cp39-win_amd64.whl", hash = "sha256:090a8bbbd130623b121bd99973f322bab170a8f50582b3db82628216b4cd6847", size = 3627076 },
]
